
Microsoft Visual Studio Solution File, Format Version 12.00
# Visual Studio 15
Project("{FAE04EC0-301F-11D3-BF4B-00C04F79EFBC}") = "Games2Win", "Games2Win.csproj", "{808F8FD9-2F94-22B4-8E15-2BAADC751DCB}"
EndProject
Global
	GlobalSection(SolutionConfigurationPlatforms) = preSolution
		Debug|Any CPU = Debug|Any CPU
		Release|Any CPU = Release|Any CPU
	EndGlobalSection
	GlobalSection(ProjectConfigurationPlatforms) = postSolution
		{808F8FD9-2F94-22B4-8E15-2BAADC751DCB}.Debug|Any CPU.ActiveCfg = Debug|Any CPU
		{808F8FD9-2F94-22B4-8E15-2BAADC751DCB}.Debug|Any CPU.Build.0 = Debug|Any CPU
		{808F8FD9-2F94-22B4-8E15-2BAADC751DCB}.Release|Any CPU.ActiveCfg = Release|Any CPU
		{808F8FD9-2F94-22B4-8E15-2BAADC751DCB}.Release|Any CPU.Build.0 = Release|Any CPU
	EndGlobalSection
	GlobalSection(SolutionProperties) = preSolution
		HideSolutionNode = FALSE
	EndGlobalSection
EndGlobal
